// !$*UTF8*$!
{
	archiveVersion = 1;
	classes = {
	};
	objectVersion = 51;
	objects = {

/* Begin PBXBuildFile section */
		748DE948FAF699452A147A04 /* Pods_QuantumSitTask_QuantumSitTaskUITests.framework in Frameworks */ = {isa = PBXBuildFile; fileRef = 8FF52DA37439C4C573B01369 /* Pods_QuantumSitTask_QuantumSitTaskUITests.framework */; };
		BA0CB6FE1C5E2EE84B16FFDD /* Pods_QuantumSitTask.framework in Frameworks */ = {isa = PBXBuildFile; fileRef = 94AEB4B68087E2291A60F7FA /* Pods_QuantumSitTask.framework */; };
		CABB46602581F9EB00DAC4BA /* UserSession.swift in Sources */ = {isa = PBXBuildFile; fileRef = CABB465F2581F9EB00DAC4BA /* UserSession.swift */; };
		CAD31D5525822AB400831452 /* String+.swift in Sources */ = {isa = PBXBuildFile; fileRef = CAD31D5425822AB400831452 /* String+.swift */; };
		CAD31D5A2582331900831452 /* UIView.swift in Sources */ = {isa = PBXBuildFile; fileRef = CAD31D592582331900831452 /* UIView.swift */; };
		CAFD32FF258131E000A4D7EA /* AppDelegate.swift in Sources */ = {isa = PBXBuildFile; fileRef = CAFD32FE258131E000A4D7EA /* AppDelegate.swift */; };
		CAFD3301258131E000A4D7EA /* SceneDelegate.swift in Sources */ = {isa = PBXBuildFile; fileRef = CAFD3300258131E000A4D7EA /* SceneDelegate.swift */; };
		CAFD3303258131E000A4D7EA /* MainViewController.swift in Sources */ = {isa = PBXBuildFile; fileRef = CAFD3302258131E000A4D7EA /* MainViewController.swift */; };
		CAFD3306258131E000A4D7EA /* Main.storyboard in Resources */ = {isa = PBXBuildFile; fileRef = CAFD3304258131E000A4D7EA /* Main.storyboard */; };
		CAFD3308258131E200A4D7EA /* Assets.xcassets in Resources */ = {isa = PBXBuildFile; fileRef = CAFD3307258131E200A4D7EA /* Assets.xcassets */; };
		CAFD330B258131E200A4D7EA /* LaunchScreen.storyboard in Resources */ = {isa = PBXBuildFile; fileRef = CAFD3309258131E200A4D7EA /* LaunchScreen.storyboard */; };
		CAFD3316258131E300A4D7EA /* QuantumSitTaskTests.swift in Sources */ = {isa = PBXBuildFile; fileRef = CAFD3315258131E300A4D7EA /* QuantumSitTaskTests.swift */; };
		CAFD3321258131E300A4D7EA /* QuantumSitTaskUITests.swift in Sources */ = {isa = PBXBuildFile; fileRef = CAFD3320258131E300A4D7EA /* QuantumSitTaskUITests.swift */; };
		CAFD3349258134F500A4D7EA /* AppCoordinator.swift in Sources */ = {isa = PBXBuildFile; fileRef = CAFD3348258134F500A4D7EA /* AppCoordinator.swift */; };
		CAFD334F2581350800A4D7EA /* ViewModel.swift in Sources */ = {isa = PBXBuildFile; fileRef = CAFD334D2581350800A4D7EA /* ViewModel.swift */; };
		CAFD33502581350800A4D7EA /* BaseViewController.swift in Sources */ = {isa = PBXBuildFile; fileRef = CAFD334E2581350800A4D7EA /* BaseViewController.swift */; };
		CAFD3358258135D900A4D7EA /* APIError.swift in Sources */ = {isa = PBXBuildFile; fileRef = CAFD3357258135D900A4D7EA /* APIError.swift */; };
		CAFD335D2581364900A4D7EA /* APIErrorType.swift in Sources */ = {isa = PBXBuildFile; fileRef = CAFD335C2581364900A4D7EA /* APIErrorType.swift */; };
		CAFD336E258137D800A4D7EA /* UIViewController+.swift in Sources */ = {isa = PBXBuildFile; fileRef = CAFD336D258137D800A4D7EA /* UIViewController+.swift */; };
		CAFD33772581391F00A4D7EA /* ResponseModel.swift in Sources */ = {isa = PBXBuildFile; fileRef = CAFD33762581391F00A4D7EA /* ResponseModel.swift */; };
		CAFD337C25813B1700A4D7EA /* User.swift in Sources */ = {isa = PBXBuildFile; fileRef = CAFD337B25813B1700A4D7EA /* User.swift */; };
		CAFD338125813B4200A4D7EA /* Bus.swift in Sources */ = {isa = PBXBuildFile; fileRef = CAFD338025813B4200A4D7EA /* Bus.swift */; };
		CAFD338625813B6200A4D7EA /* StopPoint.swift in Sources */ = {isa = PBXBuildFile; fileRef = CAFD338525813B6200A4D7EA /* StopPoint.swift */; };
		CAFD338B25813B7A00A4D7EA /* Route.swift in Sources */ = {isa = PBXBuildFile; fileRef = CAFD338A25813B7A00A4D7EA /* Route.swift */; };
		CAFD339025813B9D00A4D7EA /* DriverBus.swift in Sources */ = {isa = PBXBuildFile; fileRef = CAFD338F25813B9D00A4D7EA /* DriverBus.swift */; };
		CAFD339525813BBA00A4D7EA /* Driver.swift in Sources */ = {isa = PBXBuildFile; fileRef = CAFD339425813BBA00A4D7EA /* Driver.swift */; };
		CAFD339D25813BD600A4D7EA /* DropoffLocation.swift in Sources */ = {isa = PBXBuildFile; fileRef = CAFD339C25813BD600A4D7EA /* DropoffLocation.swift */; };
		CAFD33A225813BFF00A4D7EA /* Organization.swift in Sources */ = {isa = PBXBuildFile; fileRef = CAFD33A125813BFF00A4D7EA /* Organization.swift */; };
		CAFD33A725813C1C00A4D7EA /* Role.swift in Sources */ = {isa = PBXBuildFile; fileRef = CAFD33A625813C1C00A4D7EA /* Role.swift */; };
		CAFD33AC25813C2E00A4D7EA /* Pivot.swift in Sources */ = {isa = PBXBuildFile; fileRef = CAFD33AB25813C2E00A4D7EA /* Pivot.swift */; };
		CAFD33B125813C4500A4D7EA /* Constants.swift in Sources */ = {isa = PBXBuildFile; fileRef = CAFD33B025813C4500A4D7EA /* Constants.swift */; };
		CAFD33B625813C8D00A4D7EA /* Endpoint.swift in Sources */ = {isa = PBXBuildFile; fileRef = CAFD33B525813C8D00A4D7EA /* Endpoint.swift */; };
		CAFD33BB25813CEC00A4D7EA /* HTTPMethod.swift in Sources */ = {isa = PBXBuildFile; fileRef = CAFD33BA25813CEC00A4D7EA /* HTTPMethod.swift */; };
		CAFD33C025813D3C00A4D7EA /* MainService.swift in Sources */ = {isa = PBXBuildFile; fileRef = CAFD33BF25813D3C00A4D7EA /* MainService.swift */; };
		CAFD33C525813DA100A4D7EA /* URLSessionManager.swift in Sources */ = {isa = PBXBuildFile; fileRef = CAFD33C425813DA100A4D7EA /* URLSessionManager.swift */; };
		CAFD33CD25813E6C00A4D7EA /* ParameterEncoding.swift in Sources */ = {isa = PBXBuildFile; fileRef = CAFD33CC25813E6C00A4D7EA /* ParameterEncoding.swift */; };
		CAFD33D42581462200A4D7EA /* Data+.swift in Sources */ = {isa = PBXBuildFile; fileRef = CAFD33D32581462200A4D7EA /* Data+.swift */; };
		CAFD33DD25814B3000A4D7EA /* DataInteractor.swift in Sources */ = {isa = PBXBuildFile; fileRef = CAFD33DC25814B3000A4D7EA /* DataInteractor.swift */; };
		CAFD33E52581564700A4D7EA /* MainViewModel.swift in Sources */ = {isa = PBXBuildFile; fileRef = CAFD33E42581564700A4D7EA /* MainViewModel.swift */; };
		F043ECE4E9A209D1AA9A979A /* Pods_QuantumSitTaskTests.framework in Frameworks */ = {isa = PBXBuildFile; fileRef = 131CDF55EAB61D082B717843 /* Pods_QuantumSitTaskTests.framework */; };
/* End PBXBuildFile section */

/* Begin PBXContainerItemProxy section */
		CAFD3312258131E300A4D7EA /* PBXContainerItemProxy */ = {
			isa = PBXContainerItemProxy;
			containerPortal = CAFD32F3258131E000A4D7EA /* Project object */;
			proxyType = 1;
			remoteGlobalIDString = CAFD32FA258131E000A4D7EA;
			remoteInfo = QuantumSitTask;
		};
		CAFD331D258131E300A4D7EA /* PBXContainerItemProxy */ = {
			isa = PBXContainerItemProxy;
			containerPortal = CAFD32F3258131E000A4D7EA /* Project object */;
			proxyType = 1;
			remoteGlobalIDString = CAFD32FA258131E000A4D7EA;
			remoteInfo = QuantumSitTask;
		};
/* End PBXContainerItemProxy section */

/* Begin PBXFileReference section */
		131CDF55EAB61D082B717843 /* Pods_QuantumSitTaskTests.framework */ = {isa = PBXFileReference; explicitFileType = wrapper.framework; includeInIndex = 0; path = Pods_QuantumSitTaskTests.framework; sourceTree = BUILT_PRODUCTS_DIR; };
		32DD439DAF08B0D9615F5B51 /* Pods-QuantumSitTask-QuantumSitTaskUITests.release.xcconfig */ = {isa = PBXFileReference; includeInIndex = 1; lastKnownFileType = text.xcconfig; name = "Pods-QuantumSitTask-QuantumSitTaskUITests.release.xcconfig"; path = "Target Support Files/Pods-QuantumSitTask-QuantumSitTaskUITests/Pods-QuantumSitTask-QuantumSitTaskUITests.release.xcconfig"; sourceTree = "<group>"; };
		521C3A94D3DBBA62B58108AD /* Pods-QuantumSitTaskTests.release.xcconfig */ = {isa = PBXFileReference; includeInIndex = 1; lastKnownFileType = text.xcconfig; name = "Pods-QuantumSitTaskTests.release.xcconfig"; path = "Target Support Files/Pods-QuantumSitTaskTests/Pods-QuantumSitTaskTests.release.xcconfig"; sourceTree = "<group>"; };
		8FF52DA37439C4C573B01369 /* Pods_QuantumSitTask_QuantumSitTaskUITests.framework */ = {isa = PBXFileReference; explicitFileType = wrapper.framework; includeInIndex = 0; path = Pods_QuantumSitTask_QuantumSitTaskUITests.framework; sourceTree = BUILT_PRODUCTS_DIR; };
		94AEB4B68087E2291A60F7FA /* Pods_QuantumSitTask.framework */ = {isa = PBXFileReference; explicitFileType = wrapper.framework; includeInIndex = 0; path = Pods_QuantumSitTask.framework; sourceTree = BUILT_PRODUCTS_DIR; };
		B2B95A9FA6207C8A7D903118 /* Pods-QuantumSitTask.release.xcconfig */ = {isa = PBXFileReference; includeInIndex = 1; lastKnownFileType = text.xcconfig; name = "Pods-QuantumSitTask.release.xcconfig"; path = "Target Support Files/Pods-QuantumSitTask/Pods-QuantumSitTask.release.xcconfig"; sourceTree = "<group>"; };
		C42901A450F255D927E40BA2 /* Pods-QuantumSitTask-QuantumSitTaskUITests.debug.xcconfig */ = {isa = PBXFileReference; includeInIndex = 1; lastKnownFileType = text.xcconfig; name = "Pods-QuantumSitTask-QuantumSitTaskUITests.debug.xcconfig"; path = "Target Support Files/Pods-QuantumSitTask-QuantumSitTaskUITests/Pods-QuantumSitTask-QuantumSitTaskUITests.debug.xcconfig"; sourceTree = "<group>"; };
		CABB465F2581F9EB00DAC4BA /* UserSession.swift */ = {isa = PBXFileReference; lastKnownFileType = sourcecode.swift; path = UserSession.swift; sourceTree = "<group>"; };
		CAD31D5425822AB400831452 /* String+.swift */ = {isa = PBXFileReference; lastKnownFileType = sourcecode.swift; path = "String+.swift"; sourceTree = "<group>"; };
		CAD31D592582331900831452 /* UIView.swift */ = {isa = PBXFileReference; lastKnownFileType = sourcecode.swift; path = UIView.swift; sourceTree = "<group>"; };
		CAFD32FB258131E000A4D7EA /* QuantumSitTask.app */ = {isa = PBXFileReference; explicitFileType = wrapper.application; includeInIndex = 0; path = QuantumSitTask.app; sourceTree = BUILT_PRODUCTS_DIR; };
		CAFD32FE258131E000A4D7EA /* AppDelegate.swift */ = {isa = PBXFileReference; lastKnownFileType = sourcecode.swift; path = AppDelegate.swift; sourceTree = "<group>"; };
		CAFD3300258131E000A4D7EA /* SceneDelegate.swift */ = {isa = PBXFileReference; lastKnownFileType = sourcecode.swift; path = SceneDelegate.swift; sourceTree = "<group>"; };
		CAFD3302258131E000A4D7EA /* MainViewController.swift */ = {isa = PBXFileReference; lastKnownFileType = sourcecode.swift; path = MainViewController.swift; sourceTree = "<group>"; };
		CAFD3305258131E000A4D7EA /* Base */ = {isa = PBXFileReference; lastKnownFileType = file.storyboard; name = Base; path = Base.lproj/Main.storyboard; sourceTree = "<group>"; };
		CAFD3307258131E200A4D7EA /* Assets.xcassets */ = {isa = PBXFileReference; lastKnownFileType = folder.assetcatalog; path = Assets.xcassets; sourceTree = "<group>"; };
		CAFD330A258131E200A4D7EA /* Base */ = {isa = PBXFileReference; lastKnownFileType = file.storyboard; name = Base; path = Base.lproj/LaunchScreen.storyboard; sourceTree = "<group>"; };
		CAFD330C258131E200A4D7EA /* Info.plist */ = {isa = PBXFileReference; lastKnownFileType = text.plist.xml; path = Info.plist; sourceTree = "<group>"; };
		CAFD3311258131E300A4D7EA /* QuantumSitTaskTests.xctest */ = {isa = PBXFileReference; explicitFileType = wrapper.cfbundle; includeInIndex = 0; path = QuantumSitTaskTests.xctest; sourceTree = BUILT_PRODUCTS_DIR; };
		CAFD3315258131E300A4D7EA /* QuantumSitTaskTests.swift */ = {isa = PBXFileReference; lastKnownFileType = sourcecode.swift; path = QuantumSitTaskTests.swift; sourceTree = "<group>"; };
		CAFD3317258131E300A4D7EA /* Info.plist */ = {isa = PBXFileReference; lastKnownFileType = text.plist.xml; path = Info.plist; sourceTree = "<group>"; };
		CAFD331C258131E300A4D7EA /* QuantumSitTaskUITests.xctest */ = {isa = PBXFileReference; explicitFileType = wrapper.cfbundle; includeInIndex = 0; path = QuantumSitTaskUITests.xctest; sourceTree = BUILT_PRODUCTS_DIR; };
		CAFD3320258131E300A4D7EA /* QuantumSitTaskUITests.swift */ = {isa = PBXFileReference; lastKnownFileType = sourcecode.swift; path = QuantumSitTaskUITests.swift; sourceTree = "<group>"; };
		CAFD3322258131E300A4D7EA /* Info.plist */ = {isa = PBXFileReference; lastKnownFileType = text.plist.xml; path = Info.plist; sourceTree = "<group>"; };
		CAFD3348258134F500A4D7EA /* AppCoordinator.swift */ = {isa = PBXFileReference; fileEncoding = 4; lastKnownFileType = sourcecode.swift; path = AppCoordinator.swift; sourceTree = "<group>"; };
		CAFD334D2581350800A4D7EA /* ViewModel.swift */ = {isa = PBXFileReference; fileEncoding = 4; lastKnownFileType = sourcecode.swift; path = ViewModel.swift; sourceTree = "<group>"; };
		CAFD334E2581350800A4D7EA /* BaseViewController.swift */ = {isa = PBXFileReference; fileEncoding = 4; lastKnownFileType = sourcecode.swift; path = BaseViewController.swift; sourceTree = "<group>"; };
		CAFD3357258135D900A4D7EA /* APIError.swift */ = {isa = PBXFileReference; lastKnownFileType = sourcecode.swift; path = APIError.swift; sourceTree = "<group>"; };
		CAFD335C2581364900A4D7EA /* APIErrorType.swift */ = {isa = PBXFileReference; lastKnownFileType = sourcecode.swift; path = APIErrorType.swift; sourceTree = "<group>"; };
		CAFD336D258137D800A4D7EA /* UIViewController+.swift */ = {isa = PBXFileReference; lastKnownFileType = sourcecode.swift; path = "UIViewController+.swift"; sourceTree = "<group>"; };
		CAFD33762581391F00A4D7EA /* ResponseModel.swift */ = {isa = PBXFileReference; lastKnownFileType = sourcecode.swift; path = ResponseModel.swift; sourceTree = "<group>"; };
		CAFD337B25813B1700A4D7EA /* User.swift */ = {isa = PBXFileReference; lastKnownFileType = sourcecode.swift; path = User.swift; sourceTree = "<group>"; };
		CAFD338025813B4200A4D7EA /* Bus.swift */ = {isa = PBXFileReference; lastKnownFileType = sourcecode.swift; path = Bus.swift; sourceTree = "<group>"; };
		CAFD338525813B6200A4D7EA /* StopPoint.swift */ = {isa = PBXFileReference; lastKnownFileType = sourcecode.swift; path = StopPoint.swift; sourceTree = "<group>"; };
		CAFD338A25813B7A00A4D7EA /* Route.swift */ = {isa = PBXFileReference; lastKnownFileType = sourcecode.swift; path = Route.swift; sourceTree = "<group>"; };
		CAFD338F25813B9D00A4D7EA /* DriverBus.swift */ = {isa = PBXFileReference; lastKnownFileType = sourcecode.swift; path = DriverBus.swift; sourceTree = "<group>"; };
		CAFD339425813BBA00A4D7EA /* Driver.swift */ = {isa = PBXFileReference; lastKnownFileType = sourcecode.swift; path = Driver.swift; sourceTree = "<group>"; };
		CAFD339C25813BD600A4D7EA /* DropoffLocation.swift */ = {isa = PBXFileReference; lastKnownFileType = sourcecode.swift; path = DropoffLocation.swift; sourceTree = "<group>"; };
		CAFD33A125813BFF00A4D7EA /* Organization.swift */ = {isa = PBXFileReference; lastKnownFileType = sourcecode.swift; path = Organization.swift; sourceTree = "<group>"; };
		CAFD33A625813C1C00A4D7EA /* Role.swift */ = {isa = PBXFileReference; lastKnownFileType = sourcecode.swift; path = Role.swift; sourceTree = "<group>"; };
		CAFD33AB25813C2E00A4D7EA /* Pivot.swift */ = {isa = PBXFileReference; lastKnownFileType = sourcecode.swift; path = Pivot.swift; sourceTree = "<group>"; };
		CAFD33B025813C4500A4D7EA /* Constants.swift */ = {isa = PBXFileReference; lastKnownFileType = sourcecode.swift; path = Constants.swift; sourceTree = "<group>"; };
		CAFD33B525813C8D00A4D7EA /* Endpoint.swift */ = {isa = PBXFileReference; lastKnownFileType = sourcecode.swift; path = Endpoint.swift; sourceTree = "<group>"; };
		CAFD33BA25813CEC00A4D7EA /* HTTPMethod.swift */ = {isa = PBXFileReference; lastKnownFileType = sourcecode.swift; path = HTTPMethod.swift; sourceTree = "<group>"; };
		CAFD33BF25813D3C00A4D7EA /* MainService.swift */ = {isa = PBXFileReference; lastKnownFileType = sourcecode.swift; path = MainService.swift; sourceTree = "<group>"; };
		CAFD33C425813DA100A4D7EA /* URLSessionManager.swift */ = {isa = PBXFileReference; lastKnownFileType = sourcecode.swift; path = URLSessionManager.swift; sourceTree = "<group>"; };
		CAFD33CC25813E6C00A4D7EA /* ParameterEncoding.swift */ = {isa = PBXFileReference; lastKnownFileType = sourcecode.swift; path = ParameterEncoding.swift; sourceTree = "<group>"; };
		CAFD33D32581462200A4D7EA /* Data+.swift */ = {isa = PBXFileReference; lastKnownFileType = sourcecode.swift; path = "Data+.swift"; sourceTree = "<group>"; };
		CAFD33DC25814B3000A4D7EA /* DataInteractor.swift */ = {isa = PBXFileReference; lastKnownFileType = sourcecode.swift; path = DataInteractor.swift; sourceTree = "<group>"; };
		CAFD33E42581564700A4D7EA /* MainViewModel.swift */ = {isa = PBXFileReference; lastKnownFileType = sourcecode.swift; path = MainViewModel.swift; sourceTree = "<group>"; };
		F201655D201BA3E70C2A72DA /* Pods-QuantumSitTaskTests.debug.xcconfig */ = {isa = PBXFileReference; includeInIndex = 1; lastKnownFileType = text.xcconfig; name = "Pods-QuantumSitTaskTests.debug.xcconfig"; path = "Target Support Files/Pods-QuantumSitTaskTests/Pods-QuantumSitTaskTests.debug.xcconfig"; sourceTree = "<group>"; };
		F97CE357ACCA08A46CA85DE8 /* Pods-QuantumSitTask.debug.xcconfig */ = {isa = PBXFileReference; includeInIndex = 1; lastKnownFileType = text.xcconfig; name = "Pods-QuantumSitTask.debug.xcconfig"; path = "Target Support Files/Pods-QuantumSitTask/Pods-QuantumSitTask.debug.xcconfig"; sourceTree = "<group>"; };
/* End PBXFileReference section */

/* Begin PBXFrameworksBuildPhase section */
		CAFD32F8258131E000A4D7EA /* Frameworks */ = {
			isa = PBXFrameworksBuildPhase;
			buildActionMask = 2147483647;
			files = (
				BA0CB6FE1C5E2EE84B16FFDD /* Pods_QuantumSitTask.framework in Frameworks */,
			);
			runOnlyForDeploymentPostprocessing = 0;
		};
		CAFD330E258131E300A4D7EA /* Frameworks */ = {
			isa = PBXFrameworksBuildPhase;
			buildActionMask = 2147483647;
			files = (
				F043ECE4E9A209D1AA9A979A /* Pods_QuantumSitTaskTests.framework in Frameworks */,
			);
			runOnlyForDeploymentPostprocessing = 0;
		};
		CAFD3319258131E300A4D7EA /* Frameworks */ = {
			isa = PBXFrameworksBuildPhase;
			buildActionMask = 2147483647;
			files = (
				748DE948FAF699452A147A04 /* Pods_QuantumSitTask_QuantumSitTaskUITests.framework in Frameworks */,
			);
			runOnlyForDeploymentPostprocessing = 0;
		};
/* End PBXFrameworksBuildPhase section */

/* Begin PBXGroup section */
		6A22712D4D1B4760D3ED9993 /* Pods */ = {
			isa = PBXGroup;
			children = (
				F97CE357ACCA08A46CA85DE8 /* Pods-QuantumSitTask.debug.xcconfig */,
				B2B95A9FA6207C8A7D903118 /* Pods-QuantumSitTask.release.xcconfig */,
				C42901A450F255D927E40BA2 /* Pods-QuantumSitTask-QuantumSitTaskUITests.debug.xcconfig */,
				32DD439DAF08B0D9615F5B51 /* Pods-QuantumSitTask-QuantumSitTaskUITests.release.xcconfig */,
				F201655D201BA3E70C2A72DA /* Pods-QuantumSitTaskTests.debug.xcconfig */,
				521C3A94D3DBBA62B58108AD /* Pods-QuantumSitTaskTests.release.xcconfig */,
			);
			path = Pods;
			sourceTree = "<group>";
		};
		CABB465E2581F9DA00DAC4BA /* Utils */ = {
			isa = PBXGroup;
			children = (
				CABB465F2581F9EB00DAC4BA /* UserSession.swift */,
			);
			path = Utils;
			sourceTree = "<group>";
		};
		CAFD32F2258131E000A4D7EA = {
			isa = PBXGroup;
			children = (
				CAFD32FD258131E000A4D7EA /* QuantumSitTask */,
				CAFD3314258131E300A4D7EA /* QuantumSitTaskTests */,
				CAFD331F258131E300A4D7EA /* QuantumSitTaskUITests */,
				CAFD32FC258131E000A4D7EA /* Products */,
				6A22712D4D1B4760D3ED9993 /* Pods */,
				EDE379C3AAD1F2F97C7EE5CE /* Frameworks */,
			);
			sourceTree = "<group>";
		};
		CAFD32FC258131E000A4D7EA /* Products */ = {
			isa = PBXGroup;
			children = (
				CAFD32FB258131E000A4D7EA /* QuantumSitTask.app */,
				CAFD3311258131E300A4D7EA /* QuantumSitTaskTests.xctest */,
				CAFD331C258131E300A4D7EA /* QuantumSitTaskUITests.xctest */,
			);
			name = Products;
			sourceTree = "<group>";
		};
		CAFD32FD258131E000A4D7EA /* QuantumSitTask */ = {
			isa = PBXGroup;
			children = (
				CAFD330C258131E200A4D7EA /* Info.plist */,
				CAFD33352581325A00A4D7EA /* Assets */,
				CAFD33342581322500A4D7EA /* AppBase */,
				CAFD3331258131FE00A4D7EA /* View */,
				CAFD33372581327E00A4D7EA /* ViewController */,
				CAFD33322581320300A4D7EA /* ViewModel */,
				CAFD3347258134F500A4D7EA /* Coordinator */,
				CAFD33DB25814AE100A4D7EA /* Interactor */,
				CAFD33752581380E00A4D7EA /* Service */,
				CAFD33332581320800A4D7EA /* Entity */,
				CABB465E2581F9DA00DAC4BA /* Utils */,
				CAFD336C258137B400A4D7EA /* Extensions */,
			);
			path = QuantumSitTask;
			sourceTree = "<group>";
		};
		CAFD3314258131E300A4D7EA /* QuantumSitTaskTests */ = {
			isa = PBXGroup;
			children = (
				CAFD3315258131E300A4D7EA /* QuantumSitTaskTests.swift */,
				CAFD3317258131E300A4D7EA /* Info.plist */,
			);
			path = QuantumSitTaskTests;
			sourceTree = "<group>";
		};
		CAFD331F258131E300A4D7EA /* QuantumSitTaskUITests */ = {
			isa = PBXGroup;
			children = (
				CAFD3320258131E300A4D7EA /* QuantumSitTaskUITests.swift */,
				CAFD3322258131E300A4D7EA /* Info.plist */,
			);
			path = QuantumSitTaskUITests;
			sourceTree = "<group>";
		};
		CAFD3331258131FE00A4D7EA /* View */ = {
			isa = PBXGroup;
			children = (
				CAFD3309258131E200A4D7EA /* LaunchScreen.storyboard */,
				CAFD3304258131E000A4D7EA /* Main.storyboard */,
			);
			path = View;
			sourceTree = "<group>";
		};
		CAFD33322581320300A4D7EA /* ViewModel */ = {
			isa = PBXGroup;
			children = (
				CAFD33E42581564700A4D7EA /* MainViewModel.swift */,
			);
			path = ViewModel;
			sourceTree = "<group>";
		};
		CAFD33332581320800A4D7EA /* Entity */ = {
			isa = PBXGroup;
			children = (
				CAFD3357258135D900A4D7EA /* APIError.swift */,
				CAFD335C2581364900A4D7EA /* APIErrorType.swift */,
				CAFD33CC25813E6C00A4D7EA /* ParameterEncoding.swift */,
				CAFD33762581391F00A4D7EA /* ResponseModel.swift */,
				CAFD337B25813B1700A4D7EA /* User.swift */,
				CAFD338025813B4200A4D7EA /* Bus.swift */,
				CAFD338525813B6200A4D7EA /* StopPoint.swift */,
				CAFD338A25813B7A00A4D7EA /* Route.swift */,
				CAFD338F25813B9D00A4D7EA /* DriverBus.swift */,
				CAFD339425813BBA00A4D7EA /* Driver.swift */,
				CAFD339C25813BD600A4D7EA /* DropoffLocation.swift */,
				CAFD33A125813BFF00A4D7EA /* Organization.swift */,
				CAFD33A625813C1C00A4D7EA /* Role.swift */,
				CAFD33AB25813C2E00A4D7EA /* Pivot.swift */,
			);
			path = Entity;
			sourceTree = "<group>";
		};
		CAFD33342581322500A4D7EA /* AppBase */ = {
			isa = PBXGroup;
			children = (
				CAFD32FE258131E000A4D7EA /* AppDelegate.swift */,
				CAFD3300258131E000A4D7EA /* SceneDelegate.swift */,
				CAFD33B025813C4500A4D7EA /* Constants.swift */,
				CAFD334E2581350800A4D7EA /* BaseViewController.swift */,
				CAFD334D2581350800A4D7EA /* ViewModel.swift */,
			);
			path = AppBase;
			sourceTree = "<group>";
		};
		CAFD33352581325A00A4D7EA /* Assets */ = {
			isa = PBXGroup;
			children = (
				CAFD3307258131E200A4D7EA /* Assets.xcassets */,
			);
			path = Assets;
			sourceTree = "<group>";
		};
		CAFD33372581327E00A4D7EA /* ViewController */ = {
			isa = PBXGroup;
			children = (
				CAFD3302258131E000A4D7EA /* MainViewController.swift */,
			);
			path = ViewController;
			sourceTree = "<group>";
		};
		CAFD3347258134F500A4D7EA /* Coordinator */ = {
			isa = PBXGroup;
			children = (
				CAFD3348258134F500A4D7EA /* AppCoordinator.swift */,
			);
			path = Coordinator;
			sourceTree = "<group>";
		};
		CAFD336C258137B400A4D7EA /* Extensions */ = {
			isa = PBXGroup;
			children = (
				CAFD336D258137D800A4D7EA /* UIViewController+.swift */,
				CAFD33D32581462200A4D7EA /* Data+.swift */,
				CAD31D5425822AB400831452 /* String+.swift */,
				CAD31D592582331900831452 /* UIView.swift */,
			);
			path = Extensions;
			sourceTree = "<group>";
		};
		CAFD33752581380E00A4D7EA /* Service */ = {
			isa = PBXGroup;
			children = (
				CAFD33C425813DA100A4D7EA /* URLSessionManager.swift */,
				CAFD33B525813C8D00A4D7EA /* Endpoint.swift */,
				CAFD33BA25813CEC00A4D7EA /* HTTPMethod.swift */,
				CAFD33BF25813D3C00A4D7EA /* MainService.swift */,
			);
			path = Service;
			sourceTree = "<group>";
		};
		CAFD33DB25814AE100A4D7EA /* Interactor */ = {
			isa = PBXGroup;
			children = (
				CAFD33DC25814B3000A4D7EA /* DataInteractor.swift */,
			);
			path = Interactor;
			sourceTree = "<group>";
		};
		EDE379C3AAD1F2F97C7EE5CE /* Frameworks */ = {
			isa = PBXGroup;
			children = (
				94AEB4B68087E2291A60F7FA /* Pods_QuantumSitTask.framework */,
				8FF52DA37439C4C573B01369 /* Pods_QuantumSitTask_QuantumSitTaskUITests.framework */,
				131CDF55EAB61D082B717843 /* Pods_QuantumSitTaskTests.framework */,
			);
			name = Frameworks;
			sourceTree = "<group>";
		};
/* End PBXGroup section */

/* Begin PBXNativeTarget section */
		CAFD32FA258131E000A4D7EA /* QuantumSitTask */ = {
			isa = PBXNativeTarget;
			buildConfigurationList = CAFD3325258131E300A4D7EA /* Build configuration list for PBXNativeTarget "QuantumSitTask" */;
			buildPhases = (
				9B5F2F8E8FAD590FF6BF1F8E /* [CP] Check Pods Manifest.lock */,
				CAFD32F7258131E000A4D7EA /* Sources */,
				CAFD32F8258131E000A4D7EA /* Frameworks */,
				CAFD32F9258131E000A4D7EA /* Resources */,
				5CB1E7FB8C1E358A42247D2E /* [CP] Embed Pods Frameworks */,
			);
			buildRules = (
			);
			dependencies = (
			);
			name = QuantumSitTask;
			productName = QuantumSitTask;
			productReference = CAFD32FB258131E000A4D7EA /* QuantumSitTask.app */;
			productType = "com.apple.product-type.application";
		};
		CAFD3310258131E300A4D7EA /* QuantumSitTaskTests */ = {
			isa = PBXNativeTarget;
			buildConfigurationList = CAFD3328258131E300A4D7EA /* Build configuration list for PBXNativeTarget "QuantumSitTaskTests" */;
			buildPhases = (
				8A6C2E7AF3101917B6556FDA /* [CP] Check Pods Manifest.lock */,
				CAFD330D258131E300A4D7EA /* Sources */,
				CAFD330E258131E300A4D7EA /* Frameworks */,
				CAFD330F258131E300A4D7EA /* Resources */,
			);
			buildRules = (
			);
			dependencies = (
				CAFD3313258131E300A4D7EA /* PBXTargetDependency */,
			);
			name = QuantumSitTaskTests;
			productName = QuantumSitTaskTests;
			productReference = CAFD3311258131E300A4D7EA /* QuantumSitTaskTests.xctest */;
			productType = "com.apple.product-type.bundle.unit-test";
		};
		CAFD331B258131E300A4D7EA /* QuantumSitTaskUITests */ = {
			isa = PBXNativeTarget;
			buildConfigurationList = CAFD332B258131E300A4D7EA /* Build configuration list for PBXNativeTarget "QuantumSitTaskUITests" */;
			buildPhases = (
				05E5EE9DBA4D9C7BE1374AEA /* [CP] Check Pods Manifest.lock */,
				CAFD3318258131E300A4D7EA /* Sources */,
				CAFD3319258131E300A4D7EA /* Frameworks */,
				CAFD331A258131E300A4D7EA /* Resources */,
				BC400BE80ECF12E51E11BCCB /* [CP] Embed Pods Frameworks */,
			);
			buildRules = (
			);
			dependencies = (
				CAFD331E258131E300A4D7EA /* PBXTargetDependency */,
			);
			name = QuantumSitTaskUITests;
			productName = QuantumSitTaskUITests;
			productReference = CAFD331C258131E300A4D7EA /* QuantumSitTaskUITests.xctest */;
			productType = "com.apple.product-type.bundle.ui-testing";
		};
/* End PBXNativeTarget section */

/* Begin PBXProject section */
		CAFD32F3258131E000A4D7EA /* Project object */ = {
			isa = PBXProject;
			attributes = {
				LastSwiftUpdateCheck = 1210;
				LastUpgradeCheck = 1210;
				TargetAttributes = {
					CAFD32FA258131E000A4D7EA = {
						CreatedOnToolsVersion = 12.1;
					};
					CAFD3310258131E300A4D7EA = {
						CreatedOnToolsVersion = 12.1;
						TestTargetID = CAFD32FA258131E000A4D7EA;
					};
					CAFD331B258131E300A4D7EA = {
						CreatedOnToolsVersion = 12.1;
						TestTargetID = CAFD32FA258131E000A4D7EA;
					};
				};
			};
			buildConfigurationList = CAFD32F6258131E000A4D7EA /* Build configuration list for PBXProject "QuantumSitTask" */;
			compatibilityVersion = "Xcode 9.3";
			developmentRegion = en;
			hasScannedForEncodings = 0;
			knownRegions = (
				en,
				Base,
			);
			mainGroup = CAFD32F2258131E000A4D7EA;
			productRefGroup = CAFD32FC258131E000A4D7EA /* Products */;
			projectDirPath = "";
			projectRoot = "";
			targets = (
				CAFD32FA258131E000A4D7EA /* QuantumSitTask */,
				CAFD3310258131E300A4D7EA /* QuantumSitTaskTests */,
				CAFD331B258131E300A4D7EA /* QuantumSitTaskUITests */,
			);
		};
/* End PBXProject section */

/* Begin PBXResourcesBuildPhase section */
		CAFD32F9258131E000A4D7EA /* Resources */ = {
			isa = PBXResourcesBuildPhase;
			buildActionMask = 2147483647;
			files = (
				CAFD330B258131E200A4D7EA /* LaunchScreen.storyboard in Resources */,
				CAFD3308258131E200A4D7EA /* Assets.xcassets in Resources */,
				CAFD3306258131E000A4D7EA /* Main.storyboard in Resources */,
			);
			runOnlyForDeploymentPostprocessing = 0;
		};
		CAFD330F258131E300A4D7EA /* Resources */ = {
			isa = PBXResourcesBuildPhase;
			buildActionMask = 2147483647;
			files = (
			);
			runOnlyForDeploymentPostprocessing = 0;
		};
		CAFD331A258131E300A4D7EA /* Resources */ = {
			isa = PBXResourcesBuildPhase;
			buildActionMask = 2147483647;
			files = (
			);
			runOnlyForDeploymentPostprocessing = 0;
		};
/* End PBXResourcesBuildPhase section */

/* Begin PBXShellScriptBuildPhase section */
		05E5EE9DBA4D9C7BE1374AEA /* [CP] Check Pods Manifest.lock */ = {
			isa = PBXShellScriptBuildPhase;
			buildActionMask = 2147483647;
			files = (
			);
			inputFileListPaths = (
			);
			inputPaths = (
				"${PODS_PODFILE_DIR_PATH}/Podfile.lock",
				"${PODS_ROOT}/Manifest.lock",
			);
			name = "[CP] Check Pods Manifest.lock";
			outputFileListPaths = (
			);
			outputPaths = (
				"$(DERIVED_FILE_DIR)/Pods-QuantumSitTask-QuantumSitTaskUITests-checkManifestLockResult.txt",
			);
			runOnlyForDeploymentPostprocessing = 0;
			shellPath = /bin/sh;
			shellScript = "diff \"${PODS_PODFILE_DIR_PATH}/Podfile.lock\" \"${PODS_ROOT}/Manifest.lock\" > /dev/null\nif [ $? != 0 ] ; then\n    # print error to STDERR\n    echo \"error: The sandbox is not in sync with the Podfile.lock. Run 'pod install' or update your CocoaPods installation.\" >&2\n    exit 1\nfi\n# This output is used by Xcode 'outputs' to avoid re-running this script phase.\necho \"SUCCESS\" > \"${SCRIPT_OUTPUT_FILE_0}\"\n";
			showEnvVarsInLog = 0;
		};
		5CB1E7FB8C1E358A42247D2E /* [CP] Embed Pods Frameworks */ = {
			isa = PBXShellScriptBuildPhase;
			buildActionMask = 2147483647;
			files = (
			);
			inputFileListPaths = (
				"${PODS_ROOT}/Target Support Files/Pods-QuantumSitTask/Pods-QuantumSitTask-frameworks-${CONFIGURATION}-input-files.xcfilelist",
			);
			name = "[CP] Embed Pods Frameworks";
			outputFileListPaths = (
				"${PODS_ROOT}/Target Support Files/Pods-QuantumSitTask/Pods-QuantumSitTask-frameworks-${CONFIGURATION}-output-files.xcfilelist",
			);
			runOnlyForDeploymentPostprocessing = 0;
			shellPath = /bin/sh;
			shellScript = "\"${PODS_ROOT}/Target Support Files/Pods-QuantumSitTask/Pods-QuantumSitTask-frameworks.sh\"\n";
			showEnvVarsInLog = 0;
		};
		8A6C2E7AF3101917B6556FDA /* [CP] Check Pods Manifest.lock */ = {
			isa = PBXShellScriptBuildPhase;
			buildActionMask = 2147483647;
			files = (
			);
			inputFileListPaths = (
			);
			inputPaths = (
				"${PODS_PODFILE_DIR_PATH}/Podfile.lock",
				"${PODS_ROOT}/Manifest.lock",
			);
			name = "[CP] Check Pods Manifest.lock";
			outputFileListPaths = (
			);
			outputPaths = (
				"$(DERIVED_FILE_DIR)/Pods-QuantumSitTaskTests-checkManifestLockResult.txt",
			);
			runOnlyForDeploymentPostprocessing = 0;
			shellPath = /bin/sh;
			shellScript = "diff \"${PODS_PODFILE_DIR_PATH}/Podfile.lock\" \"${PODS_ROOT}/Manifest.lock\" > /dev/null\nif [ $? != 0 ] ; then\n    # print error to STDERR\n    echo \"error: The sandbox is not in sync with the Podfile.lock. Run 'pod install' or update your CocoaPods installation.\" >&2\n    exit 1\nfi\n# This output is used by Xcode 'outputs' to avoid re-running this script phase.\necho \"SUCCESS\" > \"${SCRIPT_OUTPUT_FILE_0}\"\n";
			showEnvVarsInLog = 0;
		};
		9B5F2F8E8FAD590FF6BF1F8E /* [CP] Check Pods Manifest.lock */ = {
			isa = PBXShellScriptBuildPhase;
			buildActionMask = 2147483647;
			files = (
			);
			inputFileListPaths = (
			);
			inputPaths = (
				"${PODS_PODFILE_DIR_PATH}/Podfile.lock",
				"${PODS_ROOT}/Manifest.lock",
			);
			name = "[CP] Check Pods Manifest.lock";
			outputFileListPaths = (
			);
			outputPaths = (
				"$(DERIVED_FILE_DIR)/Pods-QuantumSitTask-checkManifestLockResult.txt",
			);
			runOnlyForDeploymentPostprocessing = 0;
			shellPath = /bin/sh;
			shellScript = "diff \"${PODS_PODFILE_DIR_PATH}/Podfile.lock\" \"${PODS_ROOT}/Manifest.lock\" > /dev/null\nif [ $? != 0 ] ; then\n    # print error to STDERR\n    echo \"error: The sandbox is not in sync with the Podfile.lock. Run 'pod install' or update your CocoaPods installation.\" >&2\n    exit 1\nfi\n# This output is used by Xcode 'outputs' to avoid re-running this script phase.\necho \"SUCCESS\" > \"${SCRIPT_OUTPUT_FILE_0}\"\n";
			showEnvVarsInLog = 0;
		};
		BC400BE80ECF12E51E11BCCB /* [CP] Embed Pods Frameworks */ = {
			isa = PBXShellScriptBuildPhase;
			buildActionMask = 2147483647;
			files = (
			);
			inputFileListPaths = (
				"${PODS_ROOT}/Target Support Files/Pods-QuantumSitTask-QuantumSitTaskUITests/Pods-QuantumSitTask-QuantumSitTaskUITests-frameworks-${CONFIGURATION}-input-files.xcfilelist",
			);
			name = "[CP] Embed Pods Frameworks";
			outputFileListPaths = (
				"${PODS_ROOT}/Target Support Files/Pods-QuantumSitTask-QuantumSitTaskUITests/Pods-QuantumSitTask-QuantumSitTaskUITests-frameworks-${CONFIGURATION}-output-files.xcfilelist",
			);
			runOnlyForDeploymentPostprocessing = 0;
			shellPath = /bin/sh;
			shellScript = "\"${PODS_ROOT}/Target Support Files/Pods-QuantumSitTask-QuantumSitTaskUITests/Pods-QuantumSitTask-QuantumSitTaskUITests-frameworks.sh\"\n";
			showEnvVarsInLog = 0;
		};
/* End PBXShellScriptBuildPhase section */

/* Begin PBXSourcesBuildPhase section */
		CAFD32F7258131E000A4D7EA /* Sources */ = {
			isa = PBXSourcesBuildPhase;
			buildActionMask = 2147483647;
			files = (
				CAD31D5A2582331900831452 /* UIView.swift in Sources */,
				CAFD33502581350800A4D7EA /* BaseViewController.swift in Sources */,
				CAFD334F2581350800A4D7EA /* ViewModel.swift in Sources */,
				CAFD33A725813C1C00A4D7EA /* Role.swift in Sources */,
				CAFD338625813B6200A4D7EA /* StopPoint.swift in Sources */,
				CAFD33C525813DA100A4D7EA /* URLSessionManager.swift in Sources */,
				CAFD33AC25813C2E00A4D7EA /* Pivot.swift in Sources */,
				CAFD3349258134F500A4D7EA /* AppCoordinator.swift in Sources */,
				CAFD335D2581364900A4D7EA /* APIErrorType.swift in Sources */,
				CAFD33E52581564700A4D7EA /* MainViewModel.swift in Sources */,
				CAFD339025813B9D00A4D7EA /* DriverBus.swift in Sources */,
				CAFD33D42581462200A4D7EA /* Data+.swift in Sources */,
				CAFD339D25813BD600A4D7EA /* DropoffLocation.swift in Sources */,
				CAFD338B25813B7A00A4D7EA /* Route.swift in Sources */,
				CAFD33B625813C8D00A4D7EA /* Endpoint.swift in Sources */,
				CAFD3303258131E000A4D7EA /* MainViewController.swift in Sources */,
				CAFD33B125813C4500A4D7EA /* Constants.swift in Sources */,
				CAFD336E258137D800A4D7EA /* UIViewController+.swift in Sources */,
				CAFD339525813BBA00A4D7EA /* Driver.swift in Sources */,
				CAFD33C025813D3C00A4D7EA /* MainService.swift in Sources */,
				CAFD338125813B4200A4D7EA /* Bus.swift in Sources */,
				CAFD32FF258131E000A4D7EA /* AppDelegate.swift in Sources */,
				CABB46602581F9EB00DAC4BA /* UserSession.swift in Sources */,
				CAFD33DD25814B3000A4D7EA /* DataInteractor.swift in Sources */,
				CAFD3301258131E000A4D7EA /* SceneDelegate.swift in Sources */,
				CAD31D5525822AB400831452 /* String+.swift in Sources */,
				CAFD33CD25813E6C00A4D7EA /* ParameterEncoding.swift in Sources */,
				CAFD33772581391F00A4D7EA /* ResponseModel.swift in Sources */,
				CAFD3358258135D900A4D7EA /* APIError.swift in Sources */,
				CAFD33BB25813CEC00A4D7EA /* HTTPMethod.swift in Sources */,
				CAFD33A225813BFF00A4D7EA /* Organization.swift in Sources */,
				CAFD337C25813B1700A4D7EA /* User.swift in Sources */,
			);
			runOnlyForDeploymentPostprocessing = 0;
		};
		CAFD330D258131E300A4D7EA /* Sources */ = {
			isa = PBXSourcesBuildPhase;
			buildActionMask = 2147483647;
			files = (
				CAFD3316258131E300A4D7EA /* QuantumSitTaskTests.swift in Sources */,
			);
			runOnlyForDeploymentPostprocessing = 0;
		};
		CAFD3318258131E300A4D7EA /* Sources */ = {
			isa = PBXSourcesBuildPhase;
			buildActionMask = 2147483647;
			files = (
				CAFD3321258131E300A4D7EA /* QuantumSitTaskUITests.swift in Sources */,
			);
			runOnlyForDeploymentPostprocessing = 0;
		};
/* End PBXSourcesBuildPhase section */

/* Begin PBXTargetDependency section */
		CAFD3313258131E300A4D7EA /* PBXTargetDependency */ = {
			isa = PBXTargetDependency;
			target = CAFD32FA258131E000A4D7EA /* QuantumSitTask */;
			targetProxy = CAFD3312258131E300A4D7EA /* PBXContainerItemProxy */;
		};
		CAFD331E258131E300A4D7EA /* PBXTargetDependency */ = {
			isa = PBXTargetDependency;
			target = CAFD32FA258131E000A4D7EA /* QuantumSitTask */;
			targetProxy = CAFD331D258131E300A4D7EA /* PBXContainerItemProxy */;
		};
/* End PBXTargetDependency section */

/* Begin PBXVariantGroup section */
		CAFD3304258131E000A4D7EA /* Main.storyboard */ = {
			isa = PBXVariantGroup;
			children = (
				CAFD3305258131E000A4D7EA /* Base */,
			);
			name = Main.storyboard;
			sourceTree = "<group>";
		};
		CAFD3309258131E200A4D7EA /* LaunchScreen.storyboard */ = {
			isa = PBXVariantGroup;
			children = (
				CAFD330A258131E200A4D7EA /* Base */,
			);
			name = LaunchScreen.storyboard;
			sourceTree = "<group>";
		};
/* End PBXVariantGroup section */

/* Begin XCBuildConfiguration section */
		CAFD3323258131E300A4D7EA /* Debug */ = {
			isa = XCBuildConfiguration;
			buildSettings = {
				ALWAYS_SEARCH_USER_PATHS = NO;
				CLANG_ANALYZER_NONNULL = YES;
				CLANG_ANALYZER_NUMBER_OBJECT_CONVERSION = YES_AGGRESSIVE;
				CLANG_CXX_LANGUAGE_STANDARD = "gnu++14";
				CLANG_CXX_LIBRARY = "libc++";
				CLANG_ENABLE_MODULES = YES;
				CLANG_ENABLE_OBJC_ARC = YES;
				CLANG_ENABLE_OBJC_WEAK = YES;
				CLANG_WARN_BLOCK_CAPTURE_AUTORELEASING = YES;
				CLANG_WARN_BOOL_CONVERSION = YES;
				CLANG_WARN_COMMA = YES;
				CLANG_WARN_CONSTANT_CONVERSION = YES;
				CLANG_WARN_DEPRECATED_OBJC_IMPLEMENTATIONS = YES;
				CLANG_WARN_DIRECT_OBJC_ISA_USAGE = YES_ERROR;
				CLANG_WARN_DOCUMENTATION_COMMENTS = YES;
				CLANG_WARN_EMPTY_BODY = YES;
				CLANG_WARN_ENUM_CONVERSION = YES;
				CLANG_WARN_INFINITE_RECURSION = YES;
				CLANG_WARN_INT_CONVERSION = YES;
				CLANG_WARN_NON_LITERAL_NULL_CONVERSION = YES;
				CLANG_WARN_OBJC_IMPLICIT_RETAIN_SELF = YES;
				CLANG_WARN_OBJC_LITERAL_CONVERSION = YES;
				CLANG_WARN_OBJC_ROOT_CLASS = YES_ERROR;
				CLANG_WARN_QUOTED_INCLUDE_IN_FRAMEWORK_HEADER = YES;
				CLANG_WARN_RANGE_LOOP_ANALYSIS = YES;
				CLANG_WARN_STRICT_PROTOTYPES = YES;
				CLANG_WARN_SUSPICIOUS_MOVE = YES;
				CLANG_WARN_UNGUARDED_AVAILABILITY = YES_AGGRESSIVE;
				CLANG_WARN_UNREACHABLE_CODE = YES;
				CLANG_WARN__DUPLICATE_METHOD_MATCH = YES;
				COPY_PHASE_STRIP = NO;
				DEBUG_INFORMATION_FORMAT = dwarf;
				ENABLE_STRICT_OBJC_MSGSEND = YES;
				ENABLE_TESTABILITY = YES;
				GCC_C_LANGUAGE_STANDARD = gnu11;
				GCC_DYNAMIC_NO_PIC = NO;
				GCC_NO_COMMON_BLOCKS = YES;
				GCC_OPTIMIZATION_LEVEL = 0;
				GCC_PREPROCESSOR_DEFINITIONS = (
					"DEBUG=1",
					"$(inherited)",
				);
				GCC_WARN_64_TO_32_BIT_CONVERSION = YES;
				GCC_WARN_ABOUT_RETURN_TYPE = YES_ERROR;
				GCC_WARN_UNDECLARED_SELECTOR = YES;
				GCC_WARN_UNINITIALIZED_AUTOS = YES_AGGRESSIVE;
				GCC_WARN_UNUSED_FUNCTION = YES;
				GCC_WARN_UNUSED_VARIABLE = YES;
				IPHONEOS_DEPLOYMENT_TARGET = 14.1;
				MTL_ENABLE_DEBUG_INFO = INCLUDE_SOURCE;
				MTL_FAST_MATH = YES;
				ONLY_ACTIVE_ARCH = YES;
				SDKROOT = iphoneos;
				SWIFT_ACTIVE_COMPILATION_CONDITIONS = DEBUG;
				SWIFT_OPTIMIZATION_LEVEL = "-Onone";
			};
			name = Debug;
		};
		CAFD3324258131E300A4D7EA /* Release */ = {
			isa = XCBuildConfiguration;
			buildSettings = {
				ALWAYS_SEARCH_USER_PATHS = NO;
				CLANG_ANALYZER_NONNULL = YES;
				CLANG_ANALYZER_NUMBER_OBJECT_CONVERSION = YES_AGGRESSIVE;
				CLANG_CXX_LANGUAGE_STANDARD = "gnu++14";
				CLANG_CXX_LIBRARY = "libc++";
				CLANG_ENABLE_MODULES = YES;
				CLANG_ENABLE_OBJC_ARC = YES;
				CLANG_ENABLE_OBJC_WEAK = YES;
				CLANG_WARN_BLOCK_CAPTURE_AUTORELEASING = YES;
				CLANG_WARN_BOOL_CONVERSION = YES;
				CLANG_WARN_COMMA = YES;
				CLANG_WARN_CONSTANT_CONVERSION = YES;
				CLANG_WARN_DEPRECATED_OBJC_IMPLEMENTATIONS = YES;
				CLANG_WARN_DIRECT_OBJC_ISA_USAGE = YES_ERROR;
				CLANG_WARN_DOCUMENTATION_COMMENTS = YES;
				CLANG_WARN_EMPTY_BODY = YES;
				CLANG_WARN_ENUM_CONVERSION = YES;
				CLANG_WARN_INFINITE_RECURSION = YES;
				CLANG_WARN_INT_CONVERSION = YES;
				CLANG_WARN_NON_LITERAL_NULL_CONVERSION = YES;
				CLANG_WARN_OBJC_IMPLICIT_RETAIN_SELF = YES;
				CLANG_WARN_OBJC_LITERAL_CONVERSION = YES;
				CLANG_WARN_OBJC_ROOT_CLASS = YES_ERROR;
				CLANG_WARN_QUOTED_INCLUDE_IN_FRAMEWORK_HEADER = YES;
				CLANG_WARN_RANGE_LOOP_ANALYSIS = YES;
				CLANG_WARN_STRICT_PROTOTYPES = YES;
				CLANG_WARN_SUSPICIOUS_MOVE = YES;
				CLANG_WARN_UNGUARDED_AVAILABILITY = YES_AGGRESSIVE;
				CLANG_WARN_UNREACHABLE_CODE = YES;
				CLANG_WARN__DUPLICATE_METHOD_MATCH = YES;
				COPY_PHASE_STRIP = NO;
				DEBUG_INFORMATION_FORMAT = "dwarf-with-dsym";
				ENABLE_NS_ASSERTIONS = NO;
				ENABLE_STRICT_OBJC_MSGSEND = YES;
				GCC_C_LANGUAGE_STANDARD = gnu11;
				GCC_NO_COMMON_BLOCKS = YES;
				GCC_WARN_64_TO_32_BIT_CONVERSION = YES;
				GCC_WARN_ABOUT_RETURN_TYPE = YES_ERROR;
				GCC_WARN_UNDECLARED_SELECTOR = YES;
				GCC_WARN_UNINITIALIZED_AUTOS = YES_AGGRESSIVE;
				GCC_WARN_UNUSED_FUNCTION = YES;
				GCC_WARN_UNUSED_VARIABLE = YES;
				IPHONEOS_DEPLOYMENT_TARGET = 14.1;
				MTL_ENABLE_DEBUG_INFO = NO;
				MTL_FAST_MATH = YES;
				SDKROOT = iphoneos;
				SWIFT_COMPILATION_MODE = wholemodule;
				SWIFT_OPTIMIZATION_LEVEL = "-O";
				VALIDATE_PRODUCT = YES;
			};
			name = Release;
		};
		CAFD3326258131E300A4D7EA /* Debug */ = {
			isa = XCBuildConfiguration;
			baseConfigurationReference = F97CE357ACCA08A46CA85DE8 /* Pods-QuantumSitTask.debug.xcconfig */;
			buildSettings = {
				ASSETCATALOG_COMPILER_APPICON_NAME = AppIcon;
				ASSETCATALOG_COMPILER_GLOBAL_ACCENT_COLOR_NAME = AccentColor;
				CODE_SIGN_STYLE = Automatic;
				INFOPLIST_FILE = QuantumSitTask/Info.plist;
				LD_RUNPATH_SEARCH_PATHS = (
					"$(inherited)",
					"@executable_path/Frameworks",
				);
				PRODUCT_BUNDLE_IDENTIFIER = Yousef.QuantumSitTask;
				PRODUCT_NAME = "$(TARGET_NAME)";
				SWIFT_VERSION = 5.0;
				TARGETED_DEVICE_FAMILY = "1,2";
			};
			name = Debug;
		};
		CAFD3327258131E300A4D7EA /* Release */ = {
			isa = XCBuildConfiguration;
			baseConfigurationReference = B2B95A9FA6207C8A7D903118 /* Pods-QuantumSitTask.release.xcconfig */;
			buildSettings = {
				ASSETCATALOG_COMPILER_APPICON_NAME = AppIcon;
				ASSETCATALOG_COMPILER_GLOBAL_ACCENT_COLOR_NAME = AccentColor;
				CODE_SIGN_STYLE = Automatic;
				INFOPLIST_FILE = QuantumSitTask/Info.plist;
				LD_RUNPATH_SEARCH_PATHS = (
					"$(inherited)",
					"@executable_path/Frameworks",
				);
				PRODUCT_BUNDLE_IDENTIFIER = Yousef.QuantumSitTask;
				PRODUCT_NAME = "$(TARGET_NAME)";
				SWIFT_VERSION = 5.0;
				TARGETED_DEVICE_FAMILY = "1,2";
			};
			name = Release;
		};
		CAFD3329258131E300A4D7EA /* Debug */ = {
			isa = XCBuildConfiguration;
			baseConfigurationReference = F201655D201BA3E70C2A72DA /* Pods-QuantumSitTaskTests.debug.xcconfig */;
			buildSettings = {
				ALWAYS_EMBED_SWIFT_STANDARD_LIBRARIES = YES;
				BUNDLE_LOADER = "$(TEST_HOST)";
				CODE_SIGN_STYLE = Automatic;
				INFOPLIST_FILE = QuantumSitTaskTests/Info.plist;
				IPHONEOS_DEPLOYMENT_TARGET = 14.1;
				LD_RUNPATH_SEARCH_PATHS = (
					"$(inherited)",
					"@executable_path/Frameworks",
					"@loader_path/Frameworks",
				);
				PRODUCT_BUNDLE_IDENTIFIER = Yousef.QuantumSitTaskTests;
				PRODUCT_NAME = "$(TARGET_NAME)";
				SWIFT_VERSION = 5.0;
				TARGETED_DEVICE_FAMILY = "1,2";
				TEST_HOST = "$(BUILT_PRODUCTS_DIR)/QuantumSitTask.app/QuantumSitTask";
			};
			name = Debug;
		};
		CAFD332A258131E300A4D7EA /* Release */ = {
			isa = XCBuildConfiguration;
			baseConfigurationReference = 521C3A94D3DBBA62B58108AD /* Pods-QuantumSitTaskTests.release.xcconfig */;
			buildSettings = {
				ALWAYS_EMBED_SWIFT_STANDARD_LIBRARIES = YES;
				BUNDLE_LOADER = "$(TEST_HOST)";
				CODE_SIGN_STYLE = Automatic;
				INFOPLIST_FILE = QuantumSitTaskTests/Info.plist;
				IPHONEOS_DEPLOYMENT_TARGET = 14.1;
				LD_RUNPATH_SEARCH_PATHS = (
					"$(inherited)",
					"@executable_path/Frameworks",
					"@loader_path/Frameworks",
				);
				PRODUCT_BUNDLE_IDENTIFIER = Yousef.QuantumSitTaskTests;
				PRODUCT_NAME = "$(TARGET_NAME)";
				SWIFT_VERSION = 5.0;
				TARGETED_DEVICE_FAMILY = "1,2";
				TEST_HOST = "$(BUILT_PRODUCTS_DIR)/QuantumSitTask.app/QuantumSitTask";
			};
			name = Release;
		};
		CAFD332C258131E300A4D7EA /* Debug */ = {
			isa = XCBuildConfiguration;
			baseConfigurationReference = C42901A450F255D927E40BA2 /* Pods-QuantumSitTask-QuantumSitTaskUITests.debug.xcconfig */;
			buildSettings = {
				ALWAYS_EMBED_SWIFT_STANDARD_LIBRARIES = YES;
				CODE_SIGN_STYLE = Automatic;
				INFOPLIST_FILE = QuantumSitTaskUITests/Info.plist;
				LD_RUNPATH_SEARCH_PATHS = (
					"$(inherited)",
					"@executable_path/Frameworks",
					"@loader_path/Frameworks",
				);
				PRODUCT_BUNDLE_IDENTIFIER = Yousef.QuantumSitTaskUITests;
				PRODUCT_NAME = "$(TARGET_NAME)";
				SWIFT_VERSION = 5.0;
				TARGETED_DEVICE_FAMILY = "1,2";
				TEST_TARGET_NAME = QuantumSitTask;
			};
			name = Debug;
		};
		CAFD332D258131E300A4D7EA /* Release */ = {
			isa = XCBuildConfiguration;
			baseConfigurationReference = 32DD439DAF08B0D9615F5B51 /* Pods-QuantumSitTask-QuantumSitTaskUITests.release.xcconfig */;
			buildSettings = {
				ALWAYS_EMBED_SWIFT_STANDARD_LIBRARIES = YES;
				CODE_SIGN_STYLE = Automatic;
				INFOPLIST_FILE = QuantumSitTaskUITests/Info.plist;
				LD_RUNPATH_SEARCH_PATHS = (
					"$(inherited)",
					"@executable_path/Frameworks",
					"@loader_path/Frameworks",
				);
				PRODUCT_BUNDLE_IDENTIFIER = Yousef.QuantumSitTaskUITests;
				PRODUCT_NAME = "$(TARGET_NAME)";
				SWIFT_VERSION = 5.0;
				TARGETED_DEVICE_FAMILY = "1,2";
				TEST_TARGET_NAME = QuantumSitTask;
			};
			name = Release;
		};
/* End XCBuildConfiguration section */

/* Begin XCConfigurationList section */
		CAFD32F6258131E000A4D7EA /* Build configuration list for PBXProject "QuantumSitTask" */ = {
			isa = XCConfigurationList;
			buildConfigurations = (
				CAFD3323258131E300A4D7EA /* Debug */,
				CAFD3324258131E300A4D7EA /* Release */,
			);
			defaultConfigurationIsVisible = 0;
			defaultConfigurationName = Release;
		};
		CAFD3325258131E300A4D7EA /* Build configuration list for PBXNativeTarget "QuantumSitTask" */ = {
			isa = XCConfigurationList;
			buildConfigurations = (
				CAFD3326258131E300A4D7EA /* Debug */,
				CAFD3327258131E300A4D7EA /* Release */,
			);
			defaultConfigurationIsVisible = 0;
			defaultConfigurationName = Release;
		};
		CAFD3328258131E300A4D7EA /* Build configuration list for PBXNativeTarget "QuantumSitTaskTests" */ = {
			isa = XCConfigurationList;
			buildConfigurations = (
				CAFD3329258131E300A4D7EA /* Debug */,
				CAFD332A258131E300A4D7EA /* Release */,
			);
			defaultConfigurationIsVisible = 0;
			defaultConfigurationName = Release;
		};
		CAFD332B258131E300A4D7EA /* Build configuration list for PBXNativeTarget "QuantumSitTaskUITests" */ = {
			isa = XCConfigurationList;
			buildConfigurations = (
				CAFD332C258131E300A4D7EA /* Debug */,
				CAFD332D258131E300A4D7EA /* Release */,
			);
			defaultConfigurationIsVisible = 0;
			defaultConfigurationName = Release;
		};
/* End XCConfigurationList section */
	};
	rootObject = CAFD32F3258131E000A4D7EA /* Project object */;
}
